
Microsoft Visual Studio Solution File, Format Version 12.00
# Visual Studio Version 16
VisualStudioVersion = 16.0.28822.285
MinimumVisualStudioVersion = 10.0.40219.1
Project("{FAE04EC0-301F-11D3-BF4B-00C04F79EFBC}") = "Hackathon", "Hackathon\Hackathon.csproj", "{5A5ECEEC-49F5-4BF7-B18E-EB2B081750D0}"
EndProject
Project("{9092AA53-FB77-4645-B42D-1CCCA6BD08BD}") = "Hackathon.Frontend", "Hackathon.Frontend\Hackathon.Frontend.njsproj", "{2C012737-A5A2-4C72-B088-FA43114783C0}"
EndProject
Global
	GlobalSection(SolutionConfigurationPlatforms) = preSolution
		Debug|Any CPU = Debug|Any CPU
		Release|Any CPU = Release|Any CPU
	EndGlobalSection
	GlobalSection(ProjectConfigurationPlatforms) = postSolution
		{5A5ECEEC-49F5-4BF7-B18E-EB2B081750D0}.Debug|Any CPU.ActiveCfg = Debug|Any CPU
		{5A5ECEEC-49F5-4BF7-B18E-EB2B081750D0}.Debug|Any CPU.Build.0 = Debug|Any CPU
		{5A5ECEEC-49F5-4BF7-B18E-EB2B081750D0}.Release|Any CPU.ActiveCfg = Release|Any CPU
		{5A5ECEEC-49F5-4BF7-B18E-EB2B081750D0}.Release|Any CPU.Build.0 = Release|Any CPU
		{2C012737-A5A2-4C72-B088-FA43114783C0}.Debug|Any CPU.ActiveCfg = Debug|Any CPU
		{2C012737-A5A2-4C72-B088-FA43114783C0}.Debug|Any CPU.Build.0 = Debug|Any CPU
		{2C012737-A5A2-4C72-B088-FA43114783C0}.Release|Any CPU.ActiveCfg = Release|Any CPU
		{2C012737-A5A2-4C72-B088-FA43114783C0}.Release|Any CPU.Build.0 = Release|Any CPU
	EndGlobalSection
	GlobalSection(SolutionProperties) = preSolution
		HideSolutionNode = FALSE
	EndGlobalSection
	GlobalSection(ExtensibilityGlobals) = postSolution
		SolutionGuid = {044F00D5-4562-4321-BA4B-56D3A124C1A9}
	EndGlobalSection
EndGlobal
